
Microsoft Visual Studio Solution File, Format Version 12.00
# Visual Studio 15
VisualStudioVersion = 15.0.28307.438
MinimumVisualStudioVersion = 10.0.40219.1
Project("{FAE04EC0-301F-11D3-BF4B-00C04F79EFBC}") = "HerSatirda+1Yildiz", "HerSatirda+1Yildiz\HerSatirda+1Yildiz.csproj", "{82347B50-BA41-4027-ABAC-96A07AB2392C}"
EndProject
Global
	GlobalSection(SolutionConfigurationPlatforms) = preSolution
		Debug|Any CPU = Debug|Any CPU
		Release|Any CPU = Release|Any CPU
	EndGlobalSection
	GlobalSection(ProjectConfigurationPlatforms) = postSolution
		{82347B50-BA41-4027-ABAC-96A07AB2392C}.Debug|Any CPU.ActiveCfg = Debug|Any CPU
		{82347B50-BA41-4027-ABAC-96A07AB2392C}.Debug|Any CPU.Build.0 = Debug|Any CPU
		{82347B50-BA41-4027-ABAC-96A07AB2392C}.Release|Any CPU.ActiveCfg = Release|Any CPU
		{82347B50-BA41-4027-ABAC-96A07AB2392C}.Release|Any CPU.Build.0 = Release|Any CPU
	EndGlobalSection
	GlobalSection(SolutionProperties) = preSolution
		HideSolutionNode = FALSE
	EndGlobalSection
	GlobalSection(ExtensibilityGlobals) = postSolution
		SolutionGuid = {65B8F4A8-D921-486F-B1B4-BDF51165148F}
	EndGlobalSection
EndGlobal
