
Microsoft Visual Studio Solution File, Format Version 12.00
# Visual Studio 15
VisualStudioVersion = 15.0.28307.438
MinimumVisualStudioVersion = 10.0.40219.1
Project("{FAE04EC0-301F-11D3-BF4B-00C04F79EFBC}") = "SwitchCase3", "SwitchCase3\SwitchCase3.csproj", "{4C50DB04-E379-49A4-A1A4-AAD50B340D07}"
EndProject
Global
	GlobalSection(SolutionConfigurationPlatforms) = preSolution
		Debug|Any CPU = Debug|Any CPU
		Release|Any CPU = Release|Any CPU
	EndGlobalSection
	GlobalSection(ProjectConfigurationPlatforms) = postSolution
		{4C50DB04-E379-49A4-A1A4-AAD50B340D07}.Debug|Any CPU.ActiveCfg = Debug|Any CPU
		{4C50DB04-E379-49A4-A1A4-AAD50B340D07}.Debug|Any CPU.Build.0 = Debug|Any CPU
		{4C50DB04-E379-49A4-A1A4-AAD50B340D07}.Release|Any CPU.ActiveCfg = Release|Any CPU
		{4C50DB04-E379-49A4-A1A4-AAD50B340D07}.Release|Any CPU.Build.0 = Release|Any CPU
	EndGlobalSection
	GlobalSection(SolutionProperties) = preSolution
		HideSolutionNode = FALSE
	EndGlobalSection
	GlobalSection(ExtensibilityGlobals) = postSolution
		SolutionGuid = {B2F286A8-B821-44D5-BC1E-817F46B63A08}
	EndGlobalSection
EndGlobal
