
Microsoft Visual Studio Solution File, Format Version 12.00
# Visual Studio 15
VisualStudioVersion = 15.0.28307.438
MinimumVisualStudioVersion = 10.0.40219.1
Project("{FAE04EC0-301F-11D3-BF4B-00C04F79EFBC}") = "KararYapilari2", "KararYapilari2\KararYapilari2.csproj", "{B738A554-9425-4EDD-A8FC-013D2C0EAE25}"
EndProject
Global
	GlobalSection(SolutionConfigurationPlatforms) = preSolution
		Debug|Any CPU = Debug|Any CPU
		Release|Any CPU = Release|Any CPU
	EndGlobalSection
	GlobalSection(ProjectConfigurationPlatforms) = postSolution
		{B738A554-9425-4EDD-A8FC-013D2C0EAE25}.Debug|Any CPU.ActiveCfg = Debug|Any CPU
		{B738A554-9425-4EDD-A8FC-013D2C0EAE25}.Debug|Any CPU.Build.0 = Debug|Any CPU
		{B738A554-9425-4EDD-A8FC-013D2C0EAE25}.Release|Any CPU.ActiveCfg = Release|Any CPU
		{B738A554-9425-4EDD-A8FC-013D2C0EAE25}.Release|Any CPU.Build.0 = Release|Any CPU
	EndGlobalSection
	GlobalSection(SolutionProperties) = preSolution
		HideSolutionNode = FALSE
	EndGlobalSection
	GlobalSection(ExtensibilityGlobals) = postSolution
		SolutionGuid = {053DAD98-C9FD-4025-980A-8C4138038A7E}
	EndGlobalSection
EndGlobal
