
Microsoft Visual Studio Solution File, Format Version 12.00
# Visual Studio 15
VisualStudioVersion = 15.0.28307.438
MinimumVisualStudioVersion = 10.0.40219.1
Project("{FAE04EC0-301F-11D3-BF4B-00C04F79EFBC}") = "at yarışı", "at yarışı\at yarışı.csproj", "{736DA092-2E6D-489E-B8E5-9EE243C81520}"
EndProject
Global
	GlobalSection(SolutionConfigurationPlatforms) = preSolution
		Debug|Any CPU = Debug|Any CPU
		Release|Any CPU = Release|Any CPU
	EndGlobalSection
	GlobalSection(ProjectConfigurationPlatforms) = postSolution
		{736DA092-2E6D-489E-B8E5-9EE243C81520}.Debug|Any CPU.ActiveCfg = Debug|Any CPU
		{736DA092-2E6D-489E-B8E5-9EE243C81520}.Debug|Any CPU.Build.0 = Debug|Any CPU
		{736DA092-2E6D-489E-B8E5-9EE243C81520}.Release|Any CPU.ActiveCfg = Release|Any CPU
		{736DA092-2E6D-489E-B8E5-9EE243C81520}.Release|Any CPU.Build.0 = Release|Any CPU
	EndGlobalSection
	GlobalSection(SolutionProperties) = preSolution
		HideSolutionNode = FALSE
	EndGlobalSection
	GlobalSection(ExtensibilityGlobals) = postSolution
		SolutionGuid = {231CDE27-C0B3-4AFA-95FC-248A61F593D3}
	EndGlobalSection
EndGlobal
