
Microsoft Visual Studio Solution File, Format Version 12.00
# Visual Studio 15
VisualStudioVersion = 15.0.28307.438
MinimumVisualStudioVersion = 10.0.40219.1
Project("{FAE04EC0-301F-11D3-BF4B-00C04F79EFBC}") = "ucgenAlan", "ucgenAlan\ucgenAlan.csproj", "{B2B170BC-A855-48E6-BF14-7F2B4852C8B9}"
EndProject
Global
	GlobalSection(SolutionConfigurationPlatforms) = preSolution
		Debug|Any CPU = Debug|Any CPU
		Release|Any CPU = Release|Any CPU
	EndGlobalSection
	GlobalSection(ProjectConfigurationPlatforms) = postSolution
		{B2B170BC-A855-48E6-BF14-7F2B4852C8B9}.Debug|Any CPU.ActiveCfg = Debug|Any CPU
		{B2B170BC-A855-48E6-BF14-7F2B4852C8B9}.Debug|Any CPU.Build.0 = Debug|Any CPU
		{B2B170BC-A855-48E6-BF14-7F2B4852C8B9}.Release|Any CPU.ActiveCfg = Release|Any CPU
		{B2B170BC-A855-48E6-BF14-7F2B4852C8B9}.Release|Any CPU.Build.0 = Release|Any CPU
	EndGlobalSection
	GlobalSection(SolutionProperties) = preSolution
		HideSolutionNode = FALSE
	EndGlobalSection
	GlobalSection(ExtensibilityGlobals) = postSolution
		SolutionGuid = {41B1350D-06F1-48DA-B3CF-CDF2D84827FD}
	EndGlobalSection
EndGlobal
