
Microsoft Visual Studio Solution File, Format Version 12.00
# Visual Studio 15
VisualStudioVersion = 15.0.28307.438
MinimumVisualStudioVersion = 10.0.40219.1
Project("{FAE04EC0-301F-11D3-BF4B-00C04F79EFBC}") = "WhileDongusu", "WhileDongusu\WhileDongusu.csproj", "{B31EED6E-CC2B-4388-87F5-B8DAFA3048ED}"
EndProject
Global
	GlobalSection(SolutionConfigurationPlatforms) = preSolution
		Debug|Any CPU = Debug|Any CPU
		Release|Any CPU = Release|Any CPU
	EndGlobalSection
	GlobalSection(ProjectConfigurationPlatforms) = postSolution
		{B31EED6E-CC2B-4388-87F5-B8DAFA3048ED}.Debug|Any CPU.ActiveCfg = Debug|Any CPU
		{B31EED6E-CC2B-4388-87F5-B8DAFA3048ED}.Debug|Any CPU.Build.0 = Debug|Any CPU
		{B31EED6E-CC2B-4388-87F5-B8DAFA3048ED}.Release|Any CPU.ActiveCfg = Release|Any CPU
		{B31EED6E-CC2B-4388-87F5-B8DAFA3048ED}.Release|Any CPU.Build.0 = Release|Any CPU
	EndGlobalSection
	GlobalSection(SolutionProperties) = preSolution
		HideSolutionNode = FALSE
	EndGlobalSection
	GlobalSection(ExtensibilityGlobals) = postSolution
		SolutionGuid = {38E7A048-87C1-41A7-95CF-CCBBD443AA70}
	EndGlobalSection
EndGlobal
