
Microsoft Visual Studio Solution File, Format Version 12.00
# Visual Studio 15
VisualStudioVersion = 15.0.28307.438
MinimumVisualStudioVersion = 10.0.40219.1
Project("{FAE04EC0-301F-11D3-BF4B-00C04F79EFBC}") = "SatırSayisiKadarEksikBosluk", "SatırSayisiKadarEksikBosluk\SatırSayisiKadarEksikBosluk.csproj", "{A2280F15-6B2C-4209-9808-0E3B18485BCB}"
EndProject
Global
	GlobalSection(SolutionConfigurationPlatforms) = preSolution
		Debug|Any CPU = Debug|Any CPU
		Release|Any CPU = Release|Any CPU
	EndGlobalSection
	GlobalSection(ProjectConfigurationPlatforms) = postSolution
		{A2280F15-6B2C-4209-9808-0E3B18485BCB}.Debug|Any CPU.ActiveCfg = Debug|Any CPU
		{A2280F15-6B2C-4209-9808-0E3B18485BCB}.Debug|Any CPU.Build.0 = Debug|Any CPU
		{A2280F15-6B2C-4209-9808-0E3B18485BCB}.Release|Any CPU.ActiveCfg = Release|Any CPU
		{A2280F15-6B2C-4209-9808-0E3B18485BCB}.Release|Any CPU.Build.0 = Release|Any CPU
	EndGlobalSection
	GlobalSection(SolutionProperties) = preSolution
		HideSolutionNode = FALSE
	EndGlobalSection
	GlobalSection(ExtensibilityGlobals) = postSolution
		SolutionGuid = {D8A9338D-B7A8-43ED-A0FC-503C1C81F8D9}
	EndGlobalSection
EndGlobal
