
Microsoft Visual Studio Solution File, Format Version 12.00
# Visual Studio 15
VisualStudioVersion = 15.0.28307.438
MinimumVisualStudioVersion = 10.0.40219.1
Project("{FAE04EC0-301F-11D3-BF4B-00C04F79EFBC}") = "SatirEksiYildiz", "SatirEksiYildiz\SatirEksiYildiz.csproj", "{66C9F573-2C2E-4BFE-8D78-CCED0960D52F}"
EndProject
Global
	GlobalSection(SolutionConfigurationPlatforms) = preSolution
		Debug|Any CPU = Debug|Any CPU
		Release|Any CPU = Release|Any CPU
	EndGlobalSection
	GlobalSection(ProjectConfigurationPlatforms) = postSolution
		{66C9F573-2C2E-4BFE-8D78-CCED0960D52F}.Debug|Any CPU.ActiveCfg = Debug|Any CPU
		{66C9F573-2C2E-4BFE-8D78-CCED0960D52F}.Debug|Any CPU.Build.0 = Debug|Any CPU
		{66C9F573-2C2E-4BFE-8D78-CCED0960D52F}.Release|Any CPU.ActiveCfg = Release|Any CPU
		{66C9F573-2C2E-4BFE-8D78-CCED0960D52F}.Release|Any CPU.Build.0 = Release|Any CPU
	EndGlobalSection
	GlobalSection(SolutionProperties) = preSolution
		HideSolutionNode = FALSE
	EndGlobalSection
	GlobalSection(ExtensibilityGlobals) = postSolution
		SolutionGuid = {EAA37E30-3ACB-4DB6-A500-C51EBA865F8D}
	EndGlobalSection
EndGlobal
