
Microsoft Visual Studio Solution File, Format Version 12.00
# Visual Studio 15
VisualStudioVersion = 15.0.28307.438
MinimumVisualStudioVersion = 10.0.40219.1
Project("{FAE04EC0-301F-11D3-BF4B-00C04F79EFBC}") = "Merhaba11a", "Merhaba11a\Merhaba11a.csproj", "{8F3043BD-123D-4283-A81A-238FDE1B7EB6}"
EndProject
Global
	GlobalSection(SolutionConfigurationPlatforms) = preSolution
		Debug|Any CPU = Debug|Any CPU
		Release|Any CPU = Release|Any CPU
	EndGlobalSection
	GlobalSection(ProjectConfigurationPlatforms) = postSolution
		{8F3043BD-123D-4283-A81A-238FDE1B7EB6}.Debug|Any CPU.ActiveCfg = Debug|Any CPU
		{8F3043BD-123D-4283-A81A-238FDE1B7EB6}.Debug|Any CPU.Build.0 = Debug|Any CPU
		{8F3043BD-123D-4283-A81A-238FDE1B7EB6}.Release|Any CPU.ActiveCfg = Release|Any CPU
		{8F3043BD-123D-4283-A81A-238FDE1B7EB6}.Release|Any CPU.Build.0 = Release|Any CPU
	EndGlobalSection
	GlobalSection(SolutionProperties) = preSolution
		HideSolutionNode = FALSE
	EndGlobalSection
	GlobalSection(ExtensibilityGlobals) = postSolution
		SolutionGuid = {38B86BF4-D494-44B6-9327-053C155F6CD3}
	EndGlobalSection
EndGlobal
